
Microsoft Visual Studio Solution File, Format Version 12.00
# Visual Studio Version 16
VisualStudioVersion = 16.0.28803.352
MinimumVisualStudioVersion = 10.0.40219.1
Project("{FAE04EC0-301F-11D3-BF4B-00C04F79EFBC}") = "ProductsAPI", "ProductsAPI\ProductsAPI.csproj", "{1C639FD6-7E30-466C-82CE-DF14986BA8A4}"
EndProject
Project("{FAE04EC0-301F-11D3-BF4B-00C04F79EFBC}") = "DataAccessTester", "DataAccessTester\DataAccessTester.csproj", "{FDAFDDBC-E88F-4F30-8411-DDEDED931128}"
EndProject
Project("{FAE04EC0-301F-11D3-BF4B-00C04F79EFBC}") = "DataAccess", "DataAccess\DataAccess.csproj", "{37E639C8-BD7B-4703-840D-E51863CBB250}"
EndProject
Global
	GlobalSection(SolutionConfigurationPlatforms) = preSolution
		Debug|Any CPU = Debug|Any CPU
		Release|Any CPU = Release|Any CPU
	EndGlobalSection
	GlobalSection(ProjectConfigurationPlatforms) = postSolution
		{1C639FD6-7E30-466C-82CE-DF14986BA8A4}.Debug|Any CPU.ActiveCfg = Debug|Any CPU
		{1C639FD6-7E30-466C-82CE-DF14986BA8A4}.Debug|Any CPU.Build.0 = Debug|Any CPU
		{1C639FD6-7E30-466C-82CE-DF14986BA8A4}.Release|Any CPU.ActiveCfg = Release|Any CPU
		{1C639FD6-7E30-466C-82CE-DF14986BA8A4}.Release|Any CPU.Build.0 = Release|Any CPU
		{FDAFDDBC-E88F-4F30-8411-DDEDED931128}.Debug|Any CPU.ActiveCfg = Debug|Any CPU
		{FDAFDDBC-E88F-4F30-8411-DDEDED931128}.Debug|Any CPU.Build.0 = Debug|Any CPU
		{FDAFDDBC-E88F-4F30-8411-DDEDED931128}.Release|Any CPU.ActiveCfg = Release|Any CPU
		{FDAFDDBC-E88F-4F30-8411-DDEDED931128}.Release|Any CPU.Build.0 = Release|Any CPU
		{37E639C8-BD7B-4703-840D-E51863CBB250}.Debug|Any CPU.ActiveCfg = Debug|Any CPU
		{37E639C8-BD7B-4703-840D-E51863CBB250}.Debug|Any CPU.Build.0 = Debug|Any CPU
		{37E639C8-BD7B-4703-840D-E51863CBB250}.Release|Any CPU.ActiveCfg = Release|Any CPU
		{37E639C8-BD7B-4703-840D-E51863CBB250}.Release|Any CPU.Build.0 = Release|Any CPU
	EndGlobalSection
	GlobalSection(SolutionProperties) = preSolution
		HideSolutionNode = FALSE
	EndGlobalSection
	GlobalSection(ExtensibilityGlobals) = postSolution
		SolutionGuid = {A751FC19-BF95-4A31-B391-77F51857EEAD}
	EndGlobalSection
EndGlobal
